
Microsoft Visual Studio Solution File, Format Version 12.00
# Visual Studio Version 17
VisualStudioVersion = 17.11.35312.102
MinimumVisualStudioVersion = 10.0.40219.1
Project("{FAE04EC0-301F-11D3-BF4B-00C04F79EFBC}") = "es_pre_interrogazioni", "es_pre_interrogazioni.csproj", "{581BEAB9-1076-49CD-A96E-34CF9AB1139C}"
EndProject
Global
	GlobalSection(SolutionConfigurationPlatforms) = preSolution
		Debug|Any CPU = Debug|Any CPU
		Release|Any CPU = Release|Any CPU
	EndGlobalSection
	GlobalSection(ProjectConfigurationPlatforms) = postSolution
		{581BEAB9-1076-49CD-A96E-34CF9AB1139C}.Debug|Any CPU.ActiveCfg = Debug|Any CPU
		{581BEAB9-1076-49CD-A96E-34CF9AB1139C}.Debug|Any CPU.Build.0 = Debug|Any CPU
		{581BEAB9-1076-49CD-A96E-34CF9AB1139C}.Release|Any CPU.ActiveCfg = Release|Any CPU
		{581BEAB9-1076-49CD-A96E-34CF9AB1139C}.Release|Any CPU.Build.0 = Release|Any CPU
	EndGlobalSection
	GlobalSection(SolutionProperties) = preSolution
		HideSolutionNode = FALSE
	EndGlobalSection
	GlobalSection(ExtensibilityGlobals) = postSolution
		SolutionGuid = {0B9F77D7-FBA6-4D88-9BA5-F7536FAC1A62}
	EndGlobalSection
EndGlobal
